
Microsoft Visual Studio Solution File, Format Version 12.00
# Visual Studio 2012
Project("{FAE04EC0-301F-11D3-BF4B-00C04F79EFBC}") = "DrillingRequisition", "DrillingRequisition\DrillingRequisition.csproj", "{C8CF7D76-CE3D-441C-8E42-E47CDDAB29E2}"
EndProject
Global
	GlobalSection(SolutionConfigurationPlatforms) = preSolution
		Debug|Any CPU = Debug|Any CPU
		Release|Any CPU = Release|Any CPU
	EndGlobalSection
	GlobalSection(ProjectConfigurationPlatforms) = postSolution
		{C8CF7D76-CE3D-441C-8E42-E47CDDAB29E2}.Debug|Any CPU.ActiveCfg = Debug|Any CPU
		{C8CF7D76-CE3D-441C-8E42-E47CDDAB29E2}.Debug|Any CPU.Build.0 = Debug|Any CPU
		{C8CF7D76-CE3D-441C-8E42-E47CDDAB29E2}.Release|Any CPU.ActiveCfg = Release|Any CPU
		{C8CF7D76-CE3D-441C-8E42-E47CDDAB29E2}.Release|Any CPU.Build.0 = Release|Any CPU
	EndGlobalSection
	GlobalSection(SolutionProperties) = preSolution
		HideSolutionNode = FALSE
	EndGlobalSection
EndGlobal
